
Microsoft Visual Studio Solution File, Format Version 12.00
# Visual Studio Version 17
VisualStudioVersion = 17.3.32804.467
MinimumVisualStudioVersion = 10.0.40219.1
Project("{9A19103F-16F7-4668-BE54-9A1E7A4F7556}") = "NotificationFunction", "TimerFunction\NotificationFunction.csproj", "{D1CB6E6A-38D0-4CD2-B13D-A67DDBFE9356}"
EndProject
Project("{FAE04EC0-301F-11D3-BF4B-00C04F79EFBC}") = "Persistence", "Persistence\Persistence.csproj", "{15F0055B-EC7B-42B1-8AA0-238CAA960890}"
EndProject
Project("{FAE04EC0-301F-11D3-BF4B-00C04F79EFBC}") = "Domain", "Domain\Domain.csproj", "{494B48B8-224F-4825-9905-07E63D07E84E}"
EndProject
Global
	GlobalSection(SolutionConfigurationPlatforms) = preSolution
		Debug|Any CPU = Debug|Any CPU
		Release|Any CPU = Release|Any CPU
	EndGlobalSection
	GlobalSection(ProjectConfigurationPlatforms) = postSolution
		{D1CB6E6A-38D0-4CD2-B13D-A67DDBFE9356}.Debug|Any CPU.ActiveCfg = Debug|Any CPU
		{D1CB6E6A-38D0-4CD2-B13D-A67DDBFE9356}.Debug|Any CPU.Build.0 = Debug|Any CPU
		{D1CB6E6A-38D0-4CD2-B13D-A67DDBFE9356}.Release|Any CPU.ActiveCfg = Release|Any CPU
		{D1CB6E6A-38D0-4CD2-B13D-A67DDBFE9356}.Release|Any CPU.Build.0 = Release|Any CPU
		{15F0055B-EC7B-42B1-8AA0-238CAA960890}.Debug|Any CPU.ActiveCfg = Debug|Any CPU
		{15F0055B-EC7B-42B1-8AA0-238CAA960890}.Debug|Any CPU.Build.0 = Debug|Any CPU
		{15F0055B-EC7B-42B1-8AA0-238CAA960890}.Release|Any CPU.ActiveCfg = Release|Any CPU
		{15F0055B-EC7B-42B1-8AA0-238CAA960890}.Release|Any CPU.Build.0 = Release|Any CPU
		{494B48B8-224F-4825-9905-07E63D07E84E}.Debug|Any CPU.ActiveCfg = Debug|Any CPU
		{494B48B8-224F-4825-9905-07E63D07E84E}.Debug|Any CPU.Build.0 = Debug|Any CPU
		{494B48B8-224F-4825-9905-07E63D07E84E}.Release|Any CPU.ActiveCfg = Release|Any CPU
		{494B48B8-224F-4825-9905-07E63D07E84E}.Release|Any CPU.Build.0 = Release|Any CPU
	EndGlobalSection
	GlobalSection(SolutionProperties) = preSolution
		HideSolutionNode = FALSE
	EndGlobalSection
	GlobalSection(ExtensibilityGlobals) = postSolution
		SolutionGuid = {4FD60068-BE85-48BD-9D06-87EE3814F84F}
	EndGlobalSection
EndGlobal
